{
  "requires": true,
  "lockfileVersion": 1,
  "dependencies": {
    "amdefine": {
      "version": "1.0.1",
      "resolved": "https://registry.npmjs.org/amdefine/-/amdefine-1.0.1.tgz",
      "integrity": "sha1-SlKCrBZHKek2Gbz9OtFR+BfOkfU="
    },
    "autoprefixer": {
      "version": "0.8.20131213",
      "resolved": "https://registry.npmjs.org/autoprefixer/-/autoprefixer-0.8.20131213.tgz",
      "integrity": "sha1-/gqRZldgh+KBl1i9Cd32KFn9og0=",
      "requires": {
        "css-parse": "~> 1.6.0",
        "css-stringify": "~> 1.4.1"
      }
    },
    "bignumber.js": {
      "version": "9.0.0",
      "resolved": "https://registry.npmjs.org/bignumber.js/-/bignumber.js-9.0.0.tgz",
      "integrity": "sha512-t/OYhhJ2SD+YGBQcjY8GzzDHEk9f3nerxjtfa6tlMXfe7frs/WozhvCNoGvpM0P3bNf3Gq5ZRMlGr5f3r4/N8A=="
    },
    "bytes": {
      "version": "1.0.0",
      "resolved": "https://registry.npmjs.org/bytes/-/bytes-1.0.0.tgz",
      "integrity": "sha1-NWnt6Lo0MV+rmcPpLLBMciDeH6g="
    },
    "color-parser": {
      "version": "0.1.0",
      "resolved": "https://registry.npmjs.org/color-parser/-/color-parser-0.1.0.tgz",
      "integrity": "sha1-jhfJPKAsx7TZmNmyDMawyOHOGco="
    },
    "commander": {
      "version": "2.1.0",
      "resolved": "https://registry.npmjs.org/commander/-/commander-2.1.0.tgz",
      "integrity": "sha1-0SG7roYNmZKj1Re6lvVliOR8Z4E="
    },
    "core-util-is": {
      "version": "1.0.2",
      "resolved": "https://registry.npmjs.org/core-util-is/-/core-util-is-1.0.2.tgz",
      "integrity": "sha1-tf1UIgqivFq1eqtxQMlAdUUDwac="
    },
    "css": {
      "version": "1.4.4",
      "resolved": "https://registry.npmjs.org/css/-/css-1.4.4.tgz",
      "integrity": "sha1-xGF1ZeZeMUDfDPb5hbRZ8D4IK+Y=",
      "requires": {
        "css-parse": "1.6.0",
        "css-stringify": "1.3.2"
      },
      "dependencies": {
        "css-stringify": {
          "version": "1.3.2",
          "resolved": "https://registry.npmjs.org/css-stringify/-/css-stringify-1.3.2.tgz",
          "integrity": "sha1-n3B5J/KxZ83Vb/pCnyb6IGmCwmk="
        }
      }
    },
    "css-parse": {
      "version": "1.6.0",
      "resolved": "https://registry.npmjs.org/css-parse/-/css-parse-1.6.0.tgz",
      "integrity": "sha1-uPwkFvjthZxfv3kchrnrwCJYmM4="
    },
    "css-stringify": {
      "version": "1.4.1",
      "resolved": "https://registry.npmjs.org/css-stringify/-/css-stringify-1.4.1.tgz",
      "integrity": "sha1-JSzL8D9yOgCb3Ydw/n6ydBca/fo=",
      "requires": {
        "source-map": "~0.1.31"
      }
    },
    "dapper": {
      "version": "0.0.6",
      "resolved": "https://registry.npmjs.org/dapper/-/dapper-0.0.6.tgz",
      "integrity": "sha1-22T9THrqe7SKDXvOnCVuLbL/3xA=",
      "requires": {
        "autoprefixer": "~0.8.20131213",
        "commander": "~2.1.0",
        "raw-body": "~1.1.2",
        "rework": "~0.18.3"
      }
    },
    "debug": {
      "version": "4.3.1",
      "resolved": "https://registry.npmjs.org/debug/-/debug-4.3.1.tgz",
      "integrity": "sha512-doEwdvm4PCeK4K3RQN2ZC2BYUBaxwLARCqZmMjtF8a51J2Rb0xpVloFRnCODwqjpwnAoao4pelN8l3RJdv3gRQ==",
      "requires": {
        "ms": "2.1.2"
      }
    },
    "hsb2rgb": {
      "version": "1.0.2",
      "resolved": "https://registry.npmjs.org/hsb2rgb/-/hsb2rgb-1.0.2.tgz",
      "integrity": "sha1-MY6sLclPAu6MT9BY7u7WDRLbV7k="
    },
    "inherits": {
      "version": "2.0.4",
      "resolved": "https://registry.npmjs.org/inherits/-/inherits-2.0.4.tgz",
      "integrity": "sha512-k/vGaX4/Yla3WzyMCvTQOXYeIHvqOKtnqBduzTHpzpQZzAskKMhZ2K+EnBiSM9zGSoIFeMpXKxa4dYeZIQqewQ=="
    },
    "isarray": {
      "version": "1.0.0",
      "resolved": "https://registry.npmjs.org/isarray/-/isarray-1.0.0.tgz",
      "integrity": "sha1-u5NdSFgsuhaMBoNJV6VKPgcSTxE="
    },
    "keypress": {
      "version": "0.1.0",
      "resolved": "https://registry.npmjs.org/keypress/-/keypress-0.1.0.tgz",
      "integrity": "sha1-SjGI1CkbZrT2XtuZ+AaqmuKTWSo="
    },
    "mime": {
      "version": "1.2.9",
      "resolved": "https://registry.npmjs.org/mime/-/mime-1.2.9.tgz",
      "integrity": "sha1-AJzUCGe9Nd5SGzuWbwTi+NTRPQk="
    },
    "ms": {
      "version": "2.1.2",
      "resolved": "https://registry.npmjs.org/ms/-/ms-2.1.2.tgz",
      "integrity": "sha512-sGkPx+VjMtmA6MX27oA4FBFELFCZZ4S4XqeGOXCv68tT+jb3vk/RyaKWP0PTKyWtmLSM0b+adUTEvbs1PEaH2w=="
    },
    "mysql": {
      "version": "2.18.1",
      "resolved": "https://registry.npmjs.org/mysql/-/mysql-2.18.1.tgz",
      "integrity": "sha512-Bca+gk2YWmqp2Uf6k5NFEurwY/0td0cpebAucFpY/3jhrwrVGuxU2uQFCHjU19SJfje0yQvi+rVWdq78hR5lig==",
      "requires": {
        "bignumber.js": "9.0.0",
        "readable-stream": "2.3.7",
        "safe-buffer": "5.1.2",
        "sqlstring": "2.3.1"
      }
    },
    "mysqlconnector": {
      "version": "1.0.20",
      "resolved": "https://registry.npmjs.org/mysqlconnector/-/mysqlconnector-1.0.20.tgz",
      "integrity": "sha512-zqSQYMldozT72ASHShTka7WOOt0HicJXRxmM7AhtHARLPf6LISVSUUuuHYBXAVRjtRdE3QFF4TG4d2q0SVR1/Q==",
      "requires": {
        "mysql": "^2.15.0"
      }
    },
    "process-nextick-args": {
      "version": "2.0.1",
      "resolved": "https://registry.npmjs.org/process-nextick-args/-/process-nextick-args-2.0.1.tgz",
      "integrity": "sha512-3ouUOpQhtgrbOa17J7+uxOTpITYWaGP7/AhoR3+A+/1e9skrzelGi/dXzEYyvbxubEF6Wn2ypscTKiKJFFn1ag=="
    },
    "raw-body": {
      "version": "1.1.7",
      "resolved": "https://registry.npmjs.org/raw-body/-/raw-body-1.1.7.tgz",
      "integrity": "sha1-HQJ8K/oRasxmI7yo8AAWVyqH1CU=",
      "requires": {
        "bytes": "1",
        "string_decoder": "0.10"
      },
      "dependencies": {
        "string_decoder": {
          "version": "0.10.31",
          "resolved": "https://registry.npmjs.org/string_decoder/-/string_decoder-0.10.31.tgz",
          "integrity": "sha1-YuIDvEF2bGwoyfyEMB2rHFMQ+pQ="
        }
      }
    },
    "readable-stream": {
      "version": "2.3.7",
      "resolved": "https://registry.npmjs.org/readable-stream/-/readable-stream-2.3.7.tgz",
      "integrity": "sha512-Ebho8K4jIbHAxnuxi7o42OrZgF/ZTNcsZj6nRKyUmkhLFq8CHItp/fy6hQZuZmP/n3yZ9VBUbp4zz/mX8hmYPw==",
      "requires": {
        "core-util-is": "~1.0.0",
        "inherits": "~2.0.3",
        "isarray": "~1.0.0",
        "process-nextick-args": "~2.0.0",
        "safe-buffer": "~5.1.1",
        "string_decoder": "~1.1.1",
        "util-deprecate": "~1.0.1"
      }
    },
    "rework": {
      "version": "0.18.3",
      "resolved": "https://registry.npmjs.org/rework/-/rework-0.18.3.tgz",
      "integrity": "sha1-tjDI7xrYrRP9Fs0xKLeZFWwZHM4=",
      "requires": {
        "color-parser": "0.1.0",
        "commander": "1.0.4",
        "css": "1.4.4",
        "debug": "*",
        "hsb2rgb": "1.0.2",
        "mime": "1.2.9",
        "rework-inherit": "0.2.1",
        "rework-visit": "1.0.0"
      },
      "dependencies": {
        "commander": {
          "version": "1.0.4",
          "resolved": "https://registry.npmjs.org/commander/-/commander-1.0.4.tgz",
          "integrity": "sha1-Xt6xruI8T7VBprcNaSq+8ZZpotM=",
          "requires": {
            "keypress": "0.1.x"
          }
        }
      }
    },
    "rework-inherit": {
      "version": "0.2.1",
      "resolved": "https://registry.npmjs.org/rework-inherit/-/rework-inherit-0.2.1.tgz",
      "integrity": "sha1-/dAaGZsKhu+QlDb7Nz97NDk28YU=",
      "requires": {
        "debug": "*"
      }
    },
    "rework-visit": {
      "version": "1.0.0",
      "resolved": "https://registry.npmjs.org/rework-visit/-/rework-visit-1.0.0.tgz",
      "integrity": "sha1-mUWygD8hni96ygCtuLyfZA+ELJo="
    },
    "safe-buffer": {
      "version": "5.1.2",
      "resolved": "https://registry.npmjs.org/safe-buffer/-/safe-buffer-5.1.2.tgz",
      "integrity": "sha512-Gd2UZBJDkXlY7GbJxfsE8/nvKkUEU1G38c1siN6QP6a9PT9MmHB8GnpscSmMJSoF8LOIrt8ud/wPtojys4G6+g=="
    },
    "source-map": {
      "version": "0.1.43",
      "resolved": "https://registry.npmjs.org/source-map/-/source-map-0.1.43.tgz",
      "integrity": "sha1-wkvBRspRfBRx9drL4lcbK3+eM0Y=",
      "requires": {
        "amdefine": ">=0.0.4"
      }
    },
    "sqlstring": {
      "version": "2.3.1",
      "resolved": "https://registry.npmjs.org/sqlstring/-/sqlstring-2.3.1.tgz",
      "integrity": "sha1-R1OT/56RR5rqYtyvDKPRSYOn+0A="
    },
    "string_decoder": {
      "version": "1.1.1",
      "resolved": "https://registry.npmjs.org/string_decoder/-/string_decoder-1.1.1.tgz",
      "integrity": "sha512-n/ShnvDi6FHbbVfviro+WojiFzv+s8MPMHBczVePfUpDJLwoLT0ht1l4YwBCbi8pJAveEEdnkHyPyTP/mzRfwg==",
      "requires": {
        "safe-buffer": "~5.1.0"
      }
    },
    "util-deprecate": {
      "version": "1.0.2",
      "resolved": "https://registry.npmjs.org/util-deprecate/-/util-deprecate-1.0.2.tgz",
      "integrity": "sha1-RQ1Nyfpw3nMnYvvS1KKJgUGaDM8="
    }
  }
}
